{
    "_readme": [
        "This file locks the dependencies of your project to a known state",
        "Read more about it at https://getcomposer.org/doc/01-basic-usage.md#composer-lock-the-lock-file",
        "This file is @generated automatically"
    ],
    "content-hash": "15077c51ec1d728ceced08963e9f86d0",
    "packages": [
        {
            "name": "alleyinteractive/wordpress-fieldmanager",
            "version": "dev-master",
            "source": {
                "type": "git",
                "url": "https://github.com/alleyinteractive/wordpress-fieldmanager",
                "reference": "9542940c81873185b0ff00e460866639819beb47"
            },
            "require-dev": {
                "squizlabs/php_codesniffer": "2.*",
                "wp-coding-standards/wpcs": "dev-master"
            },
            "type": "library",
            "scripts": {
                "post-install-cmd": [
                    "\"vendor/bin/phpcs\" --config-set installed_paths vendor/wp-coding-standards/wpcs"
                ],
                "post-update-cmd": [
                    "\"vendor/bin/phpcs\" --config-set installed_paths vendor/wp-coding-standards/wpcs"
                ]
            },
            "authors": [
                {
                    "name": "Alley Interactive",
                    "email": "noreply@alleyinteractive.com"
                }
            ],
            "time": "2016-12-22 04:30:29"
        }
    ],
    "packages-dev": [],
    "aliases": [],
    "minimum-stability": "dev",
    "stability-flags": [],
    "prefer-stable": false,
    "prefer-lowest": false,
    "platform": [],
    "platform-dev": []
}
